
Microsoft Visual Studio Solution File, Format Version 12.00
# Visual Studio Version 16
VisualStudioVersion = 16.0.32106.194
MinimumVisualStudioVersion = 10.0.40219.1
Project("{FAE04EC0-301F-11D3-BF4B-00C04F79EFBC}") = "Proje_Hastane", "Proje_Hastane\Proje_Hastane.csproj", "{EE9C13D3-C12D-4CD4-A558-1779B304FB80}"
EndProject
Global
	GlobalSection(SolutionConfigurationPlatforms) = preSolution
		Debug|Any CPU = Debug|Any CPU
		Release|Any CPU = Release|Any CPU
	EndGlobalSection
	GlobalSection(ProjectConfigurationPlatforms) = postSolution
		{EE9C13D3-C12D-4CD4-A558-1779B304FB80}.Debug|Any CPU.ActiveCfg = Debug|Any CPU
		{EE9C13D3-C12D-4CD4-A558-1779B304FB80}.Debug|Any CPU.Build.0 = Debug|Any CPU
		{EE9C13D3-C12D-4CD4-A558-1779B304FB80}.Release|Any CPU.ActiveCfg = Release|Any CPU
		{EE9C13D3-C12D-4CD4-A558-1779B304FB80}.Release|Any CPU.Build.0 = Release|Any CPU
	EndGlobalSection
	GlobalSection(SolutionProperties) = preSolution
		HideSolutionNode = FALSE
	EndGlobalSection
	GlobalSection(ExtensibilityGlobals) = postSolution
		SolutionGuid = {96976703-DF6A-40D6-878C-880B85083C30}
	EndGlobalSection
EndGlobal
